// !$*UTF8*$!
{
	archiveVersion = 1;
	classes = {
	};
	objectVersion = 50;
	objects = {

/* Begin PBXBuildFile section */
		0AB0AB3220FE8B9D00093E6A /* AppDelegate.swift in Sources */ = {isa = PBXBuildFile; fileRef = 0AB0AB3120FE8B9D00093E6A /* AppDelegate.swift */; };
		0AB0AB3420FE8B9D00093E6A /* ViewController.swift in Sources */ = {isa = PBXBuildFile; fileRef = 0AB0AB3320FE8B9D00093E6A /* ViewController.swift */; };
		0AB0AB3720FE8B9D00093E6A /* Main.storyboard in Resources */ = {isa = PBXBuildFile; fileRef = 0AB0AB3520FE8B9D00093E6A /* Main.storyboard */; };
		0AB0AB3920FE8B9F00093E6A /* Assets.xcassets in Resources */ = {isa = PBXBuildFile; fileRef = 0AB0AB3820FE8B9F00093E6A /* Assets.xcassets */; };
		0AB0AB3C20FE8B9F00093E6A /* LaunchScreen.storyboard in Resources */ = {isa = PBXBuildFile; fileRef = 0AB0AB3A20FE8B9F00093E6A /* LaunchScreen.storyboard */; };
		1146A16421114875006E46BC /* Page3VC.swift in Sources */ = {isa = PBXBuildFile; fileRef = 1146A16321114875006E46BC /* Page3VC.swift */; };
		1146A16621114FFB006E46BC /* Page4VC.swift in Sources */ = {isa = PBXBuildFile; fileRef = 1146A16521114FFB006E46BC /* Page4VC.swift */; };
		11FD794321143AD3001E5983 /* Page9VC.swift in Sources */ = {isa = PBXBuildFile; fileRef = 11FD794221143AD3001E5983 /* Page9VC.swift */; };
/* End PBXBuildFile section */

/* Begin PBXFileReference section */
		0AB0AB2E20FE8B9D00093E6A /* t101_ios_test.app */ = {isa = PBXFileReference; explicitFileType = wrapper.application; includeInIndex = 0; path = t101_ios_test.app; sourceTree = BUILT_PRODUCTS_DIR; };
		0AB0AB3120FE8B9D00093E6A /* AppDelegate.swift */ = {isa = PBXFileReference; lastKnownFileType = sourcecode.swift; path = AppDelegate.swift; sourceTree = "<group>"; };
		0AB0AB3320FE8B9D00093E6A /* ViewController.swift */ = {isa = PBXFileReference; lastKnownFileType = sourcecode.swift; path = ViewController.swift; sourceTree = "<group>"; };
		0AB0AB3620FE8B9D00093E6A /* Base */ = {isa = PBXFileReference; lastKnownFileType = file.storyboard; name = Base; path = Base.lproj/Main.storyboard; sourceTree = "<group>"; };
		0AB0AB3820FE8B9F00093E6A /* Assets.xcassets */ = {isa = PBXFileReference; lastKnownFileType = folder.assetcatalog; path = Assets.xcassets; sourceTree = "<group>"; };
		0AB0AB3B20FE8B9F00093E6A /* Base */ = {isa = PBXFileReference; lastKnownFileType = file.storyboard; name = Base; path = Base.lproj/LaunchScreen.storyboard; sourceTree = "<group>"; };
		0AB0AB3D20FE8B9F00093E6A /* Info.plist */ = {isa = PBXFileReference; lastKnownFileType = text.plist.xml; path = Info.plist; sourceTree = "<group>"; };
		1146A16321114875006E46BC /* Page3VC.swift */ = {isa = PBXFileReference; lastKnownFileType = sourcecode.swift; path = Page3VC.swift; sourceTree = "<group>"; };
		1146A16521114FFB006E46BC /* Page4VC.swift */ = {isa = PBXFileReference; lastKnownFileType = sourcecode.swift; path = Page4VC.swift; sourceTree = "<group>"; };
		11FD794221143AD3001E5983 /* Page9VC.swift */ = {isa = PBXFileReference; fileEncoding = 4; lastKnownFileType = sourcecode.swift; path = Page9VC.swift; sourceTree = "<group>"; };
/* End PBXFileReference section */

/* Begin PBXFrameworksBuildPhase section */
		0AB0AB2B20FE8B9D00093E6A /* Frameworks */ = {
			isa = PBXFrameworksBuildPhase;
			buildActionMask = 2147483647;
			files = (
			);
			runOnlyForDeploymentPostprocessing = 0;
		};
/* End PBXFrameworksBuildPhase section */

/* Begin PBXGroup section */
		0AB0AB2520FE8B9D00093E6A = {
			isa = PBXGroup;
			children = (
				0AB0AB3020FE8B9D00093E6A /* t101_ios_test */,
				0AB0AB2F20FE8B9D00093E6A /* Products */,
			);
			sourceTree = "<group>";
		};
		0AB0AB2F20FE8B9D00093E6A /* Products */ = {
			isa = PBXGroup;
			children = (
				0AB0AB2E20FE8B9D00093E6A /* t101_ios_test.app */,
			);
			name = Products;
			sourceTree = "<group>";
		};
		0AB0AB3020FE8B9D00093E6A /* t101_ios_test */ = {
			isa = PBXGroup;
			children = (
				0AB0AB3120FE8B9D00093E6A /* AppDelegate.swift */,
				0AB0AB3320FE8B9D00093E6A /* ViewController.swift */,
				0AB0AB3520FE8B9D00093E6A /* Main.storyboard */,
				0AB0AB3820FE8B9F00093E6A /* Assets.xcassets */,
				0AB0AB3A20FE8B9F00093E6A /* LaunchScreen.storyboard */,
				0AB0AB3D20FE8B9F00093E6A /* Info.plist */,
				1146A16321114875006E46BC /* Page3VC.swift */,
				1146A16521114FFB006E46BC /* Page4VC.swift */,
				11FD794221143AD3001E5983 /* Page9VC.swift */,
			);
			path = t101_ios_test;
			sourceTree = "<group>";
		};
/* End PBXGroup section */

/* Begin PBXNativeTarget section */
		0AB0AB2D20FE8B9D00093E6A /* t101_ios_test */ = {
			isa = PBXNativeTarget;
			buildConfigurationList = 0AB0AB4020FE8B9F00093E6A /* Build configuration list for PBXNativeTarget "t101_ios_test" */;
			buildPhases = (
				0AB0AB2A20FE8B9D00093E6A /* Sources */,
				0AB0AB2B20FE8B9D00093E6A /* Frameworks */,
				0AB0AB2C20FE8B9D00093E6A /* Resources */,
			);
			buildRules = (
			);
			dependencies = (
			);
			name = t101_ios_test;
			productName = t101_ios_test;
			productReference = 0AB0AB2E20FE8B9D00093E6A /* t101_ios_test.app */;
			productType = "com.apple.product-type.application";
		};
/* End PBXNativeTarget section */

/* Begin PBXProject section */
		0AB0AB2620FE8B9D00093E6A /* Project object */ = {
			isa = PBXProject;
			attributes = {
				LastSwiftUpdateCheck = 0940;
				LastUpgradeCheck = 0940;
				ORGANIZATIONNAME = "Xiao Yu";
				TargetAttributes = {
					0AB0AB2D20FE8B9D00093E6A = {
						CreatedOnToolsVersion = 9.4;
					};
				};
			};
			buildConfigurationList = 0AB0AB2920FE8B9D00093E6A /* Build configuration list for PBXProject "t101_ios_test" */;
			compatibilityVersion = "Xcode 9.3";
			developmentRegion = en;
			hasScannedForEncodings = 0;
			knownRegions = (
				en,
				Base,
			);
			mainGroup = 0AB0AB2520FE8B9D00093E6A;
			productRefGroup = 0AB0AB2F20FE8B9D00093E6A /* Products */;
			projectDirPath = "";
			projectRoot = "";
			targets = (
				0AB0AB2D20FE8B9D00093E6A /* t101_ios_test */,
			);
		};
/* End PBXProject section */

/* Begin PBXResourcesBuildPhase section */
		0AB0AB2C20FE8B9D00093E6A /* Resources */ = {
			isa = PBXResourcesBuildPhase;
			buildActionMask = 2147483647;
			files = (
				0AB0AB3C20FE8B9F00093E6A /* LaunchScreen.storyboard in Resources */,
				0AB0AB3920FE8B9F00093E6A /* Assets.xcassets in Resources */,
				0AB0AB3720FE8B9D00093E6A /* Main.storyboard in Resources */,
			);
			runOnlyForDeploymentPostprocessing = 0;
		};
/* End PBXResourcesBuildPhase section */

/* Begin PBXSourcesBuildPhase section */
		0AB0AB2A20FE8B9D00093E6A /* Sources */ = {
			isa = PBXSourcesBuildPhase;
			buildActionMask = 2147483647;
			files = (
				0AB0AB3420FE8B9D00093E6A /* ViewController.swift in Sources */,
				0AB0AB3220FE8B9D00093E6A /* AppDelegate.swift in Sources */,
				1146A16621114FFB006E46BC /* Page4VC.swift in Sources */,
				1146A16421114875006E46BC /* Page3VC.swift in Sources */,
				11FD794321143AD3001E5983 /* Page9VC.swift in Sources */,
			);
			runOnlyForDeploymentPostprocessing = 0;
		};
/* End PBXSourcesBuildPhase section */

/* Begin PBXVariantGroup section */
		0AB0AB3520FE8B9D00093E6A /* Main.storyboard */ = {
			isa = PBXVariantGroup;
			children = (
				0AB0AB3620FE8B9D00093E6A /* Base */,
			);
			name = Main.storyboard;
			sourceTree = "<group>";
		};
		0AB0AB3A20FE8B9F00093E6A /* LaunchScreen.storyboard */ = {
			isa = PBXVariantGroup;
			children = (
				0AB0AB3B20FE8B9F00093E6A /* Base */,
			);
			name = LaunchScreen.storyboard;
			sourceTree = "<group>";
		};
/* End PBXVariantGroup section */

/* Begin XCBuildConfiguration section */
		0AB0AB3E20FE8B9F00093E6A /* Debug */ = {
			isa = XCBuildConfiguration;
			buildSettings = {
				ALWAYS_SEARCH_USER_PATHS = NO;
				CLANG_ANALYZER_NONNULL = YES;
				CLANG_ANALYZER_NUMBER_OBJECT_CONVERSION = YES_AGGRESSIVE;
				CLANG_CXX_LANGUAGE_STANDARD = "gnu++14";
				CLANG_CXX_LIBRARY = "libc++";
				CLANG_ENABLE_MODULES = YES;
				CLANG_ENABLE_OBJC_ARC = YES;
				CLANG_ENABLE_OBJC_WEAK = YES;
				CLANG_WARN_BLOCK_CAPTURE_AUTORELEASING = YES;
				CLANG_WARN_BOOL_CONVERSION = YES;
				CLANG_WARN_COMMA = YES;
				CLANG_WARN_CONSTANT_CONVERSION = YES;
				CLANG_WARN_DEPRECATED_OBJC_IMPLEMENTATIONS = YES;
				CLANG_WARN_DIRECT_OBJC_ISA_USAGE = YES_ERROR;
				CLANG_WARN_DOCUMENTATION_COMMENTS = YES;
				CLANG_WARN_EMPTY_BODY = YES;
				CLANG_WARN_ENUM_CONVERSION = YES;
				CLANG_WARN_INFINITE_RECURSION = YES;
				CLANG_WARN_INT_CONVERSION = YES;
				CLANG_WARN_NON_LITERAL_NULL_CONVERSION = YES;
				CLANG_WARN_OBJC_IMPLICIT_RETAIN_SELF = YES;
				CLANG_WARN_OBJC_LITERAL_CONVERSION = YES;
				CLANG_WARN_OBJC_ROOT_CLASS = YES_ERROR;
				CLANG_WARN_RANGE_LOOP_ANALYSIS = YES;
				CLANG_WARN_STRICT_PROTOTYPES = YES;
				CLANG_WARN_SUSPICIOUS_MOVE = YES;
				CLANG_WARN_UNGUARDED_AVAILABILITY = YES_AGGRESSIVE;
				CLANG_WARN_UNREACHABLE_CODE = YES;
				CLANG_WARN__DUPLICATE_METHOD_MATCH = YES;
				CODE_SIGN_IDENTITY = "iPhone Developer";
				COPY_PHASE_STRIP = NO;
				DEBUG_INFORMATION_FORMAT = dwarf;
				ENABLE_STRICT_OBJC_MSGSEND = YES;
				ENABLE_TESTABILITY = YES;
				GCC_C_LANGUAGE_STANDARD = gnu11;
				GCC_DYNAMIC_NO_PIC = NO;
				GCC_NO_COMMON_BLOCKS = YES;
				GCC_OPTIMIZATION_LEVEL = 0;
				GCC_PREPROCESSOR_DEFINITIONS = (
					"DEBUG=1",
					"$(inherited)",
				);
				GCC_WARN_64_TO_32_BIT_CONVERSION = YES;
				GCC_WARN_ABOUT_RETURN_TYPE = YES_ERROR;
				GCC_WARN_UNDECLARED_SELECTOR = YES;
				GCC_WARN_UNINITIALIZED_AUTOS = YES_AGGRESSIVE;
				GCC_WARN_UNUSED_FUNCTION = YES;
				GCC_WARN_UNUSED_VARIABLE = YES;
				IPHONEOS_DEPLOYMENT_TARGET = 11.4;
				MTL_ENABLE_DEBUG_INFO = YES;
				ONLY_ACTIVE_ARCH = YES;
				SDKROOT = iphoneos;
				SWIFT_ACTIVE_COMPILATION_CONDITIONS = DEBUG;
				SWIFT_OPTIMIZATION_LEVEL = "-Onone";
			};
			name = Debug;
		};
		0AB0AB3F20FE8B9F00093E6A /* Release */ = {
			isa = XCBuildConfiguration;
			buildSettings = {
				ALWAYS_SEARCH_USER_PATHS = NO;
				CLANG_ANALYZER_NONNULL = YES;
				CLANG_ANALYZER_NUMBER_OBJECT_CONVERSION = YES_AGGRESSIVE;
				CLANG_CXX_LANGUAGE_STANDARD = "gnu++14";
				CLANG_CXX_LIBRARY = "libc++";
				CLANG_ENABLE_MODULES = YES;
				CLANG_ENABLE_OBJC_ARC = YES;
				CLANG_ENABLE_OBJC_WEAK = YES;
				CLANG_WARN_BLOCK_CAPTURE_AUTORELEASING = YES;
				CLANG_WARN_BOOL_CONVERSION = YES;
				CLANG_WARN_COMMA = YES;
				CLANG_WARN_CONSTANT_CONVERSION = YES;
				CLANG_WARN_DEPRECATED_OBJC_IMPLEMENTATIONS = YES;
				CLANG_WARN_DIRECT_OBJC_ISA_USAGE = YES_ERROR;
				CLANG_WARN_DOCUMENTATION_COMMENTS = YES;
				CLANG_WARN_EMPTY_BODY = YES;
				CLANG_WARN_ENUM_CONVERSION = YES;
				CLANG_WARN_INFINITE_RECURSION = YES;
				CLANG_WARN_INT_CONVERSION = YES;
				CLANG_WARN_NON_LITERAL_NULL_CONVERSION = YES;
				CLANG_WARN_OBJC_IMPLICIT_RETAIN_SELF = YES;
				CLANG_WARN_OBJC_LITERAL_CONVERSION = YES;
				CLANG_WARN_OBJC_ROOT_CLASS = YES_ERROR;
				CLANG_WARN_RANGE_LOOP_ANALYSIS = YES;
				CLANG_WARN_STRICT_PROTOTYPES = YES;
				CLANG_WARN_SUSPICIOUS_MOVE = YES;
				CLANG_WARN_UNGUARDED_AVAILABILITY = YES_AGGRESSIVE;
				CLANG_WARN_UNREACHABLE_CODE = YES;
				CLANG_WARN__DUPLICATE_METHOD_MATCH = YES;
				CODE_SIGN_IDENTITY = "iPhone Developer";
				COPY_PHASE_STRIP = NO;
				DEBUG_INFORMATION_FORMAT = "dwarf-with-dsym";
				ENABLE_NS_ASSERTIONS = NO;
				ENABLE_STRICT_OBJC_MSGSEND = YES;
				GCC_C_LANGUAGE_STANDARD = gnu11;
				GCC_NO_COMMON_BLOCKS = YES;
				GCC_WARN_64_TO_32_BIT_CONVERSION = YES;
				GCC_WARN_ABOUT_RETURN_TYPE = YES_ERROR;
				GCC_WARN_UNDECLARED_SELECTOR = YES;
				GCC_WARN_UNINITIALIZED_AUTOS = YES_AGGRESSIVE;
				GCC_WARN_UNUSED_FUNCTION = YES;
				GCC_WARN_UNUSED_VARIABLE = YES;
				IPHONEOS_DEPLOYMENT_TARGET = 11.4;
				MTL_ENABLE_DEBUG_INFO = NO;
				SDKROOT = iphoneos;
				SWIFT_COMPILATION_MODE = wholemodule;
				SWIFT_OPTIMIZATION_LEVEL = "-O";
				VALIDATE_PRODUCT = YES;
			};
			name = Release;
		};
		0AB0AB4120FE8B9F00093E6A /* Debug */ = {
			isa = XCBuildConfiguration;
			buildSettings = {
				ASSETCATALOG_COMPILER_APPICON_NAME = AppIcon;
				CODE_SIGN_STYLE = Automatic;
				DEVELOPMENT_TEAM = S8QB4VV633;
				INFOPLIST_FILE = t101_ios_test/Info.plist;
				LD_RUNPATH_SEARCH_PATHS = (
					"$(inherited)",
					"@executable_path/Frameworks",
				);
				PRODUCT_BUNDLE_IDENTIFIER = "net.xster.t101-ios-test";
				PRODUCT_NAME = "$(TARGET_NAME)";
				SWIFT_VERSION = 4.0;
				TARGETED_DEVICE_FAMILY = "1,2";
			};
			name = Debug;
		};
		0AB0AB4220FE8B9F00093E6A /* Release */ = {
			isa = XCBuildConfiguration;
			buildSettings = {
				ASSETCATALOG_COMPILER_APPICON_NAME = AppIcon;
				CODE_SIGN_STYLE = Automatic;
				DEVELOPMENT_TEAM = S8QB4VV633;
				INFOPLIST_FILE = t101_ios_test/Info.plist;
				LD_RUNPATH_SEARCH_PATHS = (
					"$(inherited)",
					"@executable_path/Frameworks",
				);
				PRODUCT_BUNDLE_IDENTIFIER = "net.xster.t101-ios-test";
				PRODUCT_NAME = "$(TARGET_NAME)";
				SWIFT_VERSION = 4.0;
				TARGETED_DEVICE_FAMILY = "1,2";
			};
			name = Release;
		};
/* End XCBuildConfiguration section */

/* Begin XCConfigurationList section */
		0AB0AB2920FE8B9D00093E6A /* Build configuration list for PBXProject "t101_ios_test" */ = {
			isa = XCConfigurationList;
			buildConfigurations = (
				0AB0AB3E20FE8B9F00093E6A /* Debug */,
				0AB0AB3F20FE8B9F00093E6A /* Release */,
			);
			defaultConfigurationIsVisible = 0;
			defaultConfigurationName = Release;
		};
		0AB0AB4020FE8B9F00093E6A /* Build configuration list for PBXNativeTarget "t101_ios_test" */ = {
			isa = XCConfigurationList;
			buildConfigurations = (
				0AB0AB4120FE8B9F00093E6A /* Debug */,
				0AB0AB4220FE8B9F00093E6A /* Release */,
			);
			defaultConfigurationIsVisible = 0;
			defaultConfigurationName = Release;
		};
/* End XCConfigurationList section */
	};
	rootObject = 0AB0AB2620FE8B9D00093E6A /* Project object */;
}
