// !$*UTF8*$!
{
	archiveVersion = 1;
	classes = {
	};
	objectVersion = 50;
	objects = {

/* Begin PBXBuildFile section */
		0A10DA452493001F00C07E22 /* AppDelegate.m in Sources */ = {isa = PBXBuildFile; fileRef = 0A10DA442493001F00C07E22 /* AppDelegate.m */; };
		0A10DA482493001F00C07E22 /* SceneDelegate.m in Sources */ = {isa = PBXBuildFile; fileRef = 0A10DA472493001F00C07E22 /* SceneDelegate.m */; };
		0A10DA4B2493001F00C07E22 /* ViewController.m in Sources */ = {isa = PBXBuildFile; fileRef = 0A10DA4A2493001F00C07E22 /* ViewController.m */; };
		0A10DA4E2493001F00C07E22 /* Main.storyboard in Resources */ = {isa = PBXBuildFile; fileRef = 0A10DA4C2493001F00C07E22 /* Main.storyboard */; };
		0A10DA502493002000C07E22 /* Assets.xcassets in Resources */ = {isa = PBXBuildFile; fileRef = 0A10DA4F2493002000C07E22 /* Assets.xcassets */; };
		0A10DA532493002000C07E22 /* LaunchScreen.storyboard in Resources */ = {isa = PBXBuildFile; fileRef = 0A10DA512493002000C07E22 /* LaunchScreen.storyboard */; };
		0A10DA562493002000C07E22 /* main.m in Sources */ = {isa = PBXBuildFile; fileRef = 0A10DA552493002000C07E22 /* main.m */; };
		0A10DA5D2493003F00C07E22 /* libskia.dylib in Frameworks */ = {isa = PBXBuildFile; fileRef = 0A10DA5C2493003F00C07E22 /* libskia.dylib */; };
		0A10DA5E249301CC00C07E22 /* libskia.dylib in Embed Libraries */ = {isa = PBXBuildFile; fileRef = 0A10DA5C2493003F00C07E22 /* libskia.dylib */; settings = {ATTRIBUTES = (CodeSignOnCopy, ); }; };
/* End PBXBuildFile section */

/* Begin PBXCopyFilesBuildPhase section */
		0A10DA5F249301CC00C07E22 /* Embed Libraries */ = {
			isa = PBXCopyFilesBuildPhase;
			buildActionMask = 2147483647;
			dstPath = "";
			dstSubfolderSpec = 10;
			files = (
				0A10DA5E249301CC00C07E22 /* libskia.dylib in Embed Libraries */,
			);
			name = "Embed Libraries";
			runOnlyForDeploymentPostprocessing = 0;
		};
/* End PBXCopyFilesBuildPhase section */

/* Begin PBXFileReference section */
		0A10DA402493001F00C07E22 /* t164_simple_skia.app */ = {isa = PBXFileReference; explicitFileType = wrapper.application; includeInIndex = 0; path = t164_simple_skia.app; sourceTree = BUILT_PRODUCTS_DIR; };
		0A10DA432493001F00C07E22 /* AppDelegate.h */ = {isa = PBXFileReference; lastKnownFileType = sourcecode.c.h; path = AppDelegate.h; sourceTree = "<group>"; };
		0A10DA442493001F00C07E22 /* AppDelegate.m */ = {isa = PBXFileReference; lastKnownFileType = sourcecode.c.objc; path = AppDelegate.m; sourceTree = "<group>"; };
		0A10DA462493001F00C07E22 /* SceneDelegate.h */ = {isa = PBXFileReference; lastKnownFileType = sourcecode.c.h; path = SceneDelegate.h; sourceTree = "<group>"; };
		0A10DA472493001F00C07E22 /* SceneDelegate.m */ = {isa = PBXFileReference; lastKnownFileType = sourcecode.c.objc; path = SceneDelegate.m; sourceTree = "<group>"; };
		0A10DA492493001F00C07E22 /* ViewController.h */ = {isa = PBXFileReference; lastKnownFileType = sourcecode.c.h; path = ViewController.h; sourceTree = "<group>"; };
		0A10DA4A2493001F00C07E22 /* ViewController.m */ = {isa = PBXFileReference; lastKnownFileType = sourcecode.c.objc; path = ViewController.m; sourceTree = "<group>"; };
		0A10DA4D2493001F00C07E22 /* Base */ = {isa = PBXFileReference; lastKnownFileType = file.storyboard; name = Base; path = Base.lproj/Main.storyboard; sourceTree = "<group>"; };
		0A10DA4F2493002000C07E22 /* Assets.xcassets */ = {isa = PBXFileReference; lastKnownFileType = folder.assetcatalog; path = Assets.xcassets; sourceTree = "<group>"; };
		0A10DA522493002000C07E22 /* Base */ = {isa = PBXFileReference; lastKnownFileType = file.storyboard; name = Base; path = Base.lproj/LaunchScreen.storyboard; sourceTree = "<group>"; };
		0A10DA542493002000C07E22 /* Info.plist */ = {isa = PBXFileReference; lastKnownFileType = text.plist.xml; path = Info.plist; sourceTree = "<group>"; };
		0A10DA552493002000C07E22 /* main.m */ = {isa = PBXFileReference; lastKnownFileType = sourcecode.c.objc; path = main.m; sourceTree = "<group>"; };
		0A10DA5C2493003F00C07E22 /* libskia.dylib */ = {isa = PBXFileReference; lastKnownFileType = "compiled.mach-o.dylib"; path = libskia.dylib; sourceTree = "<group>"; };
/* End PBXFileReference section */

/* Begin PBXFrameworksBuildPhase section */
		0A10DA3D2493001F00C07E22 /* Frameworks */ = {
			isa = PBXFrameworksBuildPhase;
			buildActionMask = 2147483647;
			files = (
				0A10DA5D2493003F00C07E22 /* libskia.dylib in Frameworks */,
			);
			runOnlyForDeploymentPostprocessing = 0;
		};
/* End PBXFrameworksBuildPhase section */

/* Begin PBXGroup section */
		0A10DA372493001F00C07E22 = {
			isa = PBXGroup;
			children = (
				0A10DA5C2493003F00C07E22 /* libskia.dylib */,
				0A10DA422493001F00C07E22 /* t164_simple_skia */,
				0A10DA412493001F00C07E22 /* Products */,
			);
			sourceTree = "<group>";
		};
		0A10DA412493001F00C07E22 /* Products */ = {
			isa = PBXGroup;
			children = (
				0A10DA402493001F00C07E22 /* t164_simple_skia.app */,
			);
			name = Products;
			sourceTree = "<group>";
		};
		0A10DA422493001F00C07E22 /* t164_simple_skia */ = {
			isa = PBXGroup;
			children = (
				0A10DA432493001F00C07E22 /* AppDelegate.h */,
				0A10DA442493001F00C07E22 /* AppDelegate.m */,
				0A10DA462493001F00C07E22 /* SceneDelegate.h */,
				0A10DA472493001F00C07E22 /* SceneDelegate.m */,
				0A10DA492493001F00C07E22 /* ViewController.h */,
				0A10DA4A2493001F00C07E22 /* ViewController.m */,
				0A10DA4C2493001F00C07E22 /* Main.storyboard */,
				0A10DA4F2493002000C07E22 /* Assets.xcassets */,
				0A10DA512493002000C07E22 /* LaunchScreen.storyboard */,
				0A10DA542493002000C07E22 /* Info.plist */,
				0A10DA552493002000C07E22 /* main.m */,
			);
			path = t164_simple_skia;
			sourceTree = "<group>";
		};
/* End PBXGroup section */

/* Begin PBXNativeTarget section */
		0A10DA3F2493001F00C07E22 /* t164_simple_skia */ = {
			isa = PBXNativeTarget;
			buildConfigurationList = 0A10DA592493002000C07E22 /* Build configuration list for PBXNativeTarget "t164_simple_skia" */;
			buildPhases = (
				0A10DA3C2493001F00C07E22 /* Sources */,
				0A10DA3D2493001F00C07E22 /* Frameworks */,
				0A10DA3E2493001F00C07E22 /* Resources */,
				0A10DA5F249301CC00C07E22 /* Embed Libraries */,
			);
			buildRules = (
			);
			dependencies = (
			);
			name = t164_simple_skia;
			productName = t164_simple_skia;
			productReference = 0A10DA402493001F00C07E22 /* t164_simple_skia.app */;
			productType = "com.apple.product-type.application";
		};
/* End PBXNativeTarget section */

/* Begin PBXProject section */
		0A10DA382493001F00C07E22 /* Project object */ = {
			isa = PBXProject;
			attributes = {
				LastUpgradeCheck = 1150;
				ORGANIZATIONNAME = "Xiao Yu";
				TargetAttributes = {
					0A10DA3F2493001F00C07E22 = {
						CreatedOnToolsVersion = 11.5;
					};
				};
			};
			buildConfigurationList = 0A10DA3B2493001F00C07E22 /* Build configuration list for PBXProject "t164_simple_skia" */;
			compatibilityVersion = "Xcode 9.3";
			developmentRegion = en;
			hasScannedForEncodings = 0;
			knownRegions = (
				en,
				Base,
			);
			mainGroup = 0A10DA372493001F00C07E22;
			productRefGroup = 0A10DA412493001F00C07E22 /* Products */;
			projectDirPath = "";
			projectRoot = "";
			targets = (
				0A10DA3F2493001F00C07E22 /* t164_simple_skia */,
			);
		};
/* End PBXProject section */

/* Begin PBXResourcesBuildPhase section */
		0A10DA3E2493001F00C07E22 /* Resources */ = {
			isa = PBXResourcesBuildPhase;
			buildActionMask = 2147483647;
			files = (
				0A10DA532493002000C07E22 /* LaunchScreen.storyboard in Resources */,
				0A10DA502493002000C07E22 /* Assets.xcassets in Resources */,
				0A10DA4E2493001F00C07E22 /* Main.storyboard in Resources */,
			);
			runOnlyForDeploymentPostprocessing = 0;
		};
/* End PBXResourcesBuildPhase section */

/* Begin PBXSourcesBuildPhase section */
		0A10DA3C2493001F00C07E22 /* Sources */ = {
			isa = PBXSourcesBuildPhase;
			buildActionMask = 2147483647;
			files = (
				0A10DA4B2493001F00C07E22 /* ViewController.m in Sources */,
				0A10DA452493001F00C07E22 /* AppDelegate.m in Sources */,
				0A10DA562493002000C07E22 /* main.m in Sources */,
				0A10DA482493001F00C07E22 /* SceneDelegate.m in Sources */,
			);
			runOnlyForDeploymentPostprocessing = 0;
		};
/* End PBXSourcesBuildPhase section */

/* Begin PBXVariantGroup section */
		0A10DA4C2493001F00C07E22 /* Main.storyboard */ = {
			isa = PBXVariantGroup;
			children = (
				0A10DA4D2493001F00C07E22 /* Base */,
			);
			name = Main.storyboard;
			sourceTree = "<group>";
		};
		0A10DA512493002000C07E22 /* LaunchScreen.storyboard */ = {
			isa = PBXVariantGroup;
			children = (
				0A10DA522493002000C07E22 /* Base */,
			);
			name = LaunchScreen.storyboard;
			sourceTree = "<group>";
		};
/* End PBXVariantGroup section */

/* Begin XCBuildConfiguration section */
		0A10DA572493002000C07E22 /* Debug */ = {
			isa = XCBuildConfiguration;
			buildSettings = {
				ALWAYS_SEARCH_USER_PATHS = NO;
				CLANG_ANALYZER_NONNULL = YES;
				CLANG_ANALYZER_NUMBER_OBJECT_CONVERSION = YES_AGGRESSIVE;
				CLANG_CXX_LANGUAGE_STANDARD = "gnu++14";
				CLANG_CXX_LIBRARY = "libc++";
				CLANG_ENABLE_MODULES = YES;
				CLANG_ENABLE_OBJC_ARC = YES;
				CLANG_ENABLE_OBJC_WEAK = YES;
				CLANG_WARN_BLOCK_CAPTURE_AUTORELEASING = YES;
				CLANG_WARN_BOOL_CONVERSION = YES;
				CLANG_WARN_COMMA = YES;
				CLANG_WARN_CONSTANT_CONVERSION = YES;
				CLANG_WARN_DEPRECATED_OBJC_IMPLEMENTATIONS = YES;
				CLANG_WARN_DIRECT_OBJC_ISA_USAGE = YES_ERROR;
				CLANG_WARN_DOCUMENTATION_COMMENTS = YES;
				CLANG_WARN_EMPTY_BODY = YES;
				CLANG_WARN_ENUM_CONVERSION = YES;
				CLANG_WARN_INFINITE_RECURSION = YES;
				CLANG_WARN_INT_CONVERSION = YES;
				CLANG_WARN_NON_LITERAL_NULL_CONVERSION = YES;
				CLANG_WARN_OBJC_IMPLICIT_RETAIN_SELF = YES;
				CLANG_WARN_OBJC_LITERAL_CONVERSION = YES;
				CLANG_WARN_OBJC_ROOT_CLASS = YES_ERROR;
				CLANG_WARN_RANGE_LOOP_ANALYSIS = YES;
				CLANG_WARN_STRICT_PROTOTYPES = YES;
				CLANG_WARN_SUSPICIOUS_MOVE = YES;
				CLANG_WARN_UNGUARDED_AVAILABILITY = YES_AGGRESSIVE;
				CLANG_WARN_UNREACHABLE_CODE = YES;
				CLANG_WARN__DUPLICATE_METHOD_MATCH = YES;
				COPY_PHASE_STRIP = NO;
				DEBUG_INFORMATION_FORMAT = dwarf;
				ENABLE_STRICT_OBJC_MSGSEND = YES;
				ENABLE_TESTABILITY = YES;
				GCC_C_LANGUAGE_STANDARD = gnu11;
				GCC_DYNAMIC_NO_PIC = NO;
				GCC_NO_COMMON_BLOCKS = YES;
				GCC_OPTIMIZATION_LEVEL = 0;
				GCC_PREPROCESSOR_DEFINITIONS = (
					"DEBUG=1",
					"$(inherited)",
				);
				GCC_WARN_64_TO_32_BIT_CONVERSION = YES;
				GCC_WARN_ABOUT_RETURN_TYPE = YES_ERROR;
				GCC_WARN_UNDECLARED_SELECTOR = YES;
				GCC_WARN_UNINITIALIZED_AUTOS = YES_AGGRESSIVE;
				GCC_WARN_UNUSED_FUNCTION = YES;
				GCC_WARN_UNUSED_VARIABLE = YES;
				IPHONEOS_DEPLOYMENT_TARGET = 13.5;
				MTL_ENABLE_DEBUG_INFO = INCLUDE_SOURCE;
				MTL_FAST_MATH = YES;
				ONLY_ACTIVE_ARCH = YES;
				SDKROOT = iphoneos;
			};
			name = Debug;
		};
		0A10DA582493002000C07E22 /* Release */ = {
			isa = XCBuildConfiguration;
			buildSettings = {
				ALWAYS_SEARCH_USER_PATHS = NO;
				CLANG_ANALYZER_NONNULL = YES;
				CLANG_ANALYZER_NUMBER_OBJECT_CONVERSION = YES_AGGRESSIVE;
				CLANG_CXX_LANGUAGE_STANDARD = "gnu++14";
				CLANG_CXX_LIBRARY = "libc++";
				CLANG_ENABLE_MODULES = YES;
				CLANG_ENABLE_OBJC_ARC = YES;
				CLANG_ENABLE_OBJC_WEAK = YES;
				CLANG_WARN_BLOCK_CAPTURE_AUTORELEASING = YES;
				CLANG_WARN_BOOL_CONVERSION = YES;
				CLANG_WARN_COMMA = YES;
				CLANG_WARN_CONSTANT_CONVERSION = YES;
				CLANG_WARN_DEPRECATED_OBJC_IMPLEMENTATIONS = YES;
				CLANG_WARN_DIRECT_OBJC_ISA_USAGE = YES_ERROR;
				CLANG_WARN_DOCUMENTATION_COMMENTS = YES;
				CLANG_WARN_EMPTY_BODY = YES;
				CLANG_WARN_ENUM_CONVERSION = YES;
				CLANG_WARN_INFINITE_RECURSION = YES;
				CLANG_WARN_INT_CONVERSION = YES;
				CLANG_WARN_NON_LITERAL_NULL_CONVERSION = YES;
				CLANG_WARN_OBJC_IMPLICIT_RETAIN_SELF = YES;
				CLANG_WARN_OBJC_LITERAL_CONVERSION = YES;
				CLANG_WARN_OBJC_ROOT_CLASS = YES_ERROR;
				CLANG_WARN_RANGE_LOOP_ANALYSIS = YES;
				CLANG_WARN_STRICT_PROTOTYPES = YES;
				CLANG_WARN_SUSPICIOUS_MOVE = YES;
				CLANG_WARN_UNGUARDED_AVAILABILITY = YES_AGGRESSIVE;
				CLANG_WARN_UNREACHABLE_CODE = YES;
				CLANG_WARN__DUPLICATE_METHOD_MATCH = YES;
				COPY_PHASE_STRIP = NO;
				DEBUG_INFORMATION_FORMAT = "dwarf-with-dsym";
				ENABLE_NS_ASSERTIONS = NO;
				ENABLE_STRICT_OBJC_MSGSEND = YES;
				GCC_C_LANGUAGE_STANDARD = gnu11;
				GCC_NO_COMMON_BLOCKS = YES;
				GCC_WARN_64_TO_32_BIT_CONVERSION = YES;
				GCC_WARN_ABOUT_RETURN_TYPE = YES_ERROR;
				GCC_WARN_UNDECLARED_SELECTOR = YES;
				GCC_WARN_UNINITIALIZED_AUTOS = YES_AGGRESSIVE;
				GCC_WARN_UNUSED_FUNCTION = YES;
				GCC_WARN_UNUSED_VARIABLE = YES;
				IPHONEOS_DEPLOYMENT_TARGET = 13.5;
				MTL_ENABLE_DEBUG_INFO = NO;
				MTL_FAST_MATH = YES;
				SDKROOT = iphoneos;
				VALIDATE_PRODUCT = YES;
			};
			name = Release;
		};
		0A10DA5A2493002000C07E22 /* Debug */ = {
			isa = XCBuildConfiguration;
			buildSettings = {
				ASSETCATALOG_COMPILER_APPICON_NAME = AppIcon;
				CODE_SIGN_STYLE = Automatic;
				DEVELOPMENT_TEAM = S8QB4VV633;
				ENABLE_BITCODE = NO;
				INFOPLIST_FILE = t164_simple_skia/Info.plist;
				LD_RUNPATH_SEARCH_PATHS = (
					"$(inherited)",
					"@executable_path/Frameworks",
				);
				LIBRARY_SEARCH_PATHS = (
					"$(inherited)",
					"$(PROJECT_DIR)",
				);
				PRODUCT_BUNDLE_IDENTIFIER = "com.example.test.t164-simple-skia";
				PRODUCT_NAME = "$(TARGET_NAME)";
				TARGETED_DEVICE_FAMILY = "1,2";
			};
			name = Debug;
		};
		0A10DA5B2493002000C07E22 /* Release */ = {
			isa = XCBuildConfiguration;
			buildSettings = {
				ASSETCATALOG_COMPILER_APPICON_NAME = AppIcon;
				CODE_SIGN_STYLE = Automatic;
				DEVELOPMENT_TEAM = S8QB4VV633;
				ENABLE_BITCODE = NO;
				INFOPLIST_FILE = t164_simple_skia/Info.plist;
				LD_RUNPATH_SEARCH_PATHS = (
					"$(inherited)",
					"@executable_path/Frameworks",
				);
				LIBRARY_SEARCH_PATHS = (
					"$(inherited)",
					"$(PROJECT_DIR)",
				);
				PRODUCT_BUNDLE_IDENTIFIER = "com.example.test.t164-simple-skia";
				PRODUCT_NAME = "$(TARGET_NAME)";
				TARGETED_DEVICE_FAMILY = "1,2";
			};
			name = Release;
		};
/* End XCBuildConfiguration section */

/* Begin XCConfigurationList section */
		0A10DA3B2493001F00C07E22 /* Build configuration list for PBXProject "t164_simple_skia" */ = {
			isa = XCConfigurationList;
			buildConfigurations = (
				0A10DA572493002000C07E22 /* Debug */,
				0A10DA582493002000C07E22 /* Release */,
			);
			defaultConfigurationIsVisible = 0;
			defaultConfigurationName = Release;
		};
		0A10DA592493002000C07E22 /* Build configuration list for PBXNativeTarget "t164_simple_skia" */ = {
			isa = XCConfigurationList;
			buildConfigurations = (
				0A10DA5A2493002000C07E22 /* Debug */,
				0A10DA5B2493002000C07E22 /* Release */,
			);
			defaultConfigurationIsVisible = 0;
			defaultConfigurationName = Release;
		};
/* End XCConfigurationList section */
	};
	rootObject = 0A10DA382493001F00C07E22 /* Project object */;
}
