PODS:
  - Firebase/Auth (4.8.1):
    - Firebase/Core
    - FirebaseAuth (= 4.4.2)
  - Firebase/Core (4.8.1):
    - FirebaseAnalytics (= 4.0.7)
    - FirebaseCore (= 4.0.14)
  - Firebase/Database (4.8.1):
    - Firebase/Core
    - FirebaseDatabase (= 4.1.4)
  - firebase_auth (0.0.1):
    - Firebase/Auth
    - Firebase/Core
    - Flutter
  - firebase_core (0.0.1):
    - Firebase/Core
    - Flutter
  - firebase_database (0.0.1):
    - Firebase/Database
    - Flutter
  - FirebaseAnalytics (4.0.7):
    - FirebaseCore (~> 4.0)
    - FirebaseInstanceID (~> 2.0)
    - GoogleToolboxForMac/NSData+zlib (~> 2.1)
    - nanopb (~> 0.3)
  - FirebaseAuth (4.4.2):
    - FirebaseAnalytics (~> 4.0)
    - GoogleToolboxForMac/NSDictionary+URLArguments (~> 2.1)
    - GTMSessionFetcher/Core (~> 1.1)
  - FirebaseCore (4.0.14):
    - GoogleToolboxForMac/NSData+zlib (~> 2.1)
  - FirebaseDatabase (4.1.4):
    - FirebaseAnalytics (~> 4.0)
    - FirebaseCore (~> 4.0)
    - leveldb-library (~> 1.18)
  - FirebaseInstanceID (2.0.8):
    - FirebaseCore (~> 4.0)
  - Flutter (1.0.0)
  - flutter_iap (0.0.1):
    - Flutter
  - GoogleToolboxForMac/DebugUtils (2.1.3):
    - GoogleToolboxForMac/Defines (= 2.1.3)
  - GoogleToolboxForMac/Defines (2.1.3)
  - GoogleToolboxForMac/NSData+zlib (2.1.3):
    - GoogleToolboxForMac/Defines (= 2.1.3)
  - GoogleToolboxForMac/NSDictionary+URLArguments (2.1.3):
    - GoogleToolboxForMac/DebugUtils (= 2.1.3)
    - GoogleToolboxForMac/Defines (= 2.1.3)
    - GoogleToolboxForMac/NSString+URLArguments (= 2.1.3)
  - GoogleToolboxForMac/NSString+URLArguments (2.1.3)
  - GTMSessionFetcher/Core (1.1.12)
  - leveldb-library (1.20)
  - nanopb (0.3.8):
    - nanopb/decode (= 0.3.8)
    - nanopb/encode (= 0.3.8)
  - nanopb/decode (0.3.8)
  - nanopb/encode (0.3.8)

DEPENDENCIES:
  - firebase_auth (from `Pods/.symlinks/plugins/firebase_auth-0.5.3/ios`)
  - firebase_core (from `Pods/.symlinks/plugins/firebase_core-0.0.7/ios`)
  - firebase_database (from `Pods/.symlinks/plugins/firebase_database-0.4.1/ios`)
  - Flutter (from `Pods/.symlinks/flutter/ios`)
  - flutter_iap (from `Pods/.symlinks/plugins/flutter_iap-1.0.1/ios`)

EXTERNAL SOURCES:
  firebase_auth:
    :path: Pods/.symlinks/plugins/firebase_auth-0.5.3/ios
  firebase_core:
    :path: Pods/.symlinks/plugins/firebase_core-0.0.7/ios
  firebase_database:
    :path: Pods/.symlinks/plugins/firebase_database-0.4.1/ios
  Flutter:
    :path: Pods/.symlinks/flutter/ios
  flutter_iap:
    :path: Pods/.symlinks/plugins/flutter_iap-1.0.1/ios

SPEC CHECKSUMS:
  Firebase: 2721056b8885eef90233b03f37be64358d35d262
  firebase_auth: 499d5bfb249606a276f6bddf292a3b2d44139f75
  firebase_core: eb181e4f329c1806efdf2aed9e59ea98fe924ef5
  firebase_database: bc8d2848137c7f4b4322fbe3e39fdc68d2518a37
  FirebaseAnalytics: 617afa8c26b57a0c3f11361b248bc9e17bfd8dfd
  FirebaseAuth: bd2738c5c1e92b108ba5f7f7335908097a4e50bb
  FirebaseCore: 2e0b98fb2d64ca8140136beff15772bdd14d2dd7
  FirebaseDatabase: de4446507ccd3257fca37d16f40e1540324571fd
  FirebaseInstanceID: 81df5805a08001e69138664bdd02c6719a9ac80f
  Flutter: 9d0fac939486c9aba2809b7982dfdbb47a7b0296
  flutter_iap: c134cf9ab8e60291931d13431cdae36f5e0724ae
  GoogleToolboxForMac: 2501e2ad72a52eb3dfe7bd9aee7dad11b858bd20
  GTMSessionFetcher: ebaa1f79a5366922c1735f1566901f50beba23b7
  leveldb-library: 08cba283675b7ed2d99629a4bc5fd052cd2bb6a5
  nanopb: 5601e6bca2dbf1ed831b519092ec110f66982ca3

PODFILE CHECKSUM: 456ac322309318695520a75fe46d05b2ec432e62

COCOAPODS: 1.4.0
