PODS:
  - Flutter (1.0.0)
  - image_picker (0.0.1):
    - Flutter
  - share (0.0.1):
    - Flutter

DEPENDENCIES:
  - Flutter (from `/Users/xster/development/flutter/bin/cache/artifacts/engine/ios`)
  - image_picker (from `/Users/xster/.pub-cache/hosted/pub.dartlang.org/image_picker-0.2.1/ios`)
  - share (from `/Users/xster/.pub-cache/hosted/pub.dartlang.org/share-0.3.1/ios`)

EXTERNAL SOURCES:
  Flutter:
    :path: /Users/xster/development/flutter/bin/cache/artifacts/engine/ios
  image_picker:
    :path: /Users/xster/.pub-cache/hosted/pub.dartlang.org/image_picker-0.2.1/ios
  share:
    :path: /Users/xster/.pub-cache/hosted/pub.dartlang.org/share-0.3.1/ios

SPEC CHECKSUMS:
  Flutter: 7eb41cd1fd524b90d7f22bceb20da2c39338b089
  image_picker: ee00aab0487cedc80a304085219503cc6d0f2e22
  share: 8d04605548e55f7ce4ebb7b3e933f3c85028c9cf

PODFILE CHECKSUM: 351e02e34b831289961ec3558a535cbd2c4965d2

COCOAPODS: 1.4.0
