PODS:
  - Flutter (1.0.0)
  - t144_transitive_ios_plugin (0.0.1):
    - Flutter
  - t144_transitive_ios_plugin_2 (0.0.1):
    - Flutter

DEPENDENCIES:
  - Flutter (from `Flutter`)
  - t144_transitive_ios_plugin (from `.symlinks/plugins/t144_transitive_ios_plugin/ios`)
  - t144_transitive_ios_plugin_2 (from `.symlinks/plugins/t144_transitive_ios_plugin_2/ios`)

EXTERNAL SOURCES:
  Flutter:
    :path: Flutter
  t144_transitive_ios_plugin:
    :path: ".symlinks/plugins/t144_transitive_ios_plugin/ios"
  t144_transitive_ios_plugin_2:
    :path: ".symlinks/plugins/t144_transitive_ios_plugin_2/ios"

SPEC CHECKSUMS:
  Flutter: 0e3d915762c693b495b44d77113d4970485de6ec
  t144_transitive_ios_plugin: b1c1a3341d29f5109ca6a60d3f35a5ca02149d48
  t144_transitive_ios_plugin_2: a7bcbf702ac21e991095590dc684d3ce1d2fef7f

PODFILE CHECKSUM: 1b66dae606f75376c5f2135a8290850eeb09ae83

COCOAPODS: 1.8.4
