PODS:
  - Flutter (1.0.0)
  - flutter_module (0.0.1):
    - Flutter
  - FlutterPluginRegistrant (0.0.1):
    - Flutter
    - google_maps_flutter
  - google_maps_flutter (0.0.1):
    - Flutter
    - GoogleMaps
  - GoogleMaps (3.1.0):
    - GoogleMaps/Maps (= 3.1.0)
  - GoogleMaps/Base (3.1.0)
  - GoogleMaps/Maps (3.1.0):
    - GoogleMaps/Base

DEPENDENCIES:
  - Flutter (from `../t134_map_test_flutter/.ios/Flutter/engine`)
  - flutter_module (from `../t134_map_test_flutter/.ios/Flutter`)
  - FlutterPluginRegistrant (from `../t134_map_test_flutter/.ios/Flutter/FlutterPluginRegistrant`)
  - google_maps_flutter (from `../t134_map_test_flutter/.ios/Flutter/.symlinks/google_maps_flutter/ios`)

SPEC REPOS:
  https://github.com/cocoapods/specs.git:
    - GoogleMaps

EXTERNAL SOURCES:
  Flutter:
    :path: "../t134_map_test_flutter/.ios/Flutter/engine"
  flutter_module:
    :path: "../t134_map_test_flutter/.ios/Flutter"
  FlutterPluginRegistrant:
    :path: "../t134_map_test_flutter/.ios/Flutter/FlutterPluginRegistrant"
  google_maps_flutter:
    :path: "../t134_map_test_flutter/.ios/Flutter/.symlinks/google_maps_flutter/ios"

SPEC CHECKSUMS:
  Flutter: 0e3d915762c693b495b44d77113d4970485de6ec
  flutter_module: 37f078337caf8acad3074374a49bf81442fd3e07
  FlutterPluginRegistrant: 854b38d0b37a1ba4ba175de85621068506dbc406
  google_maps_flutter: 78a52114c898b42ea647919679a4c58b70abe876
  GoogleMaps: 5c13302e6fe6bb6e686b267196586b91cd594225

PODFILE CHECKSUM: 54ea588493663f00cc41403671bbdb82ed4b42df

COCOAPODS: 1.6.1
