PODS:
  - Flutter (1.0.0)
  - FlutterPluginRegistrant (0.0.1):
    - Flutter
    - google_maps_flutter
  - google_maps_flutter (0.0.1):
    - Flutter
    - GoogleMaps
  - GoogleMaps (3.2.0):
    - GoogleMaps/Maps (= 3.2.0)
  - GoogleMaps/Base (3.2.0)
  - GoogleMaps/Maps (3.2.0):
    - GoogleMaps/Base

DEPENDENCIES:
  - Flutter (from `/Users/raja/Downloads/exmaple_flutter/flutter_module/.ios/Flutter/engine`)
  - FlutterPluginRegistrant (from `/Users/raja/Downloads/exmaple_flutter/flutter_module/.ios/Flutter/FlutterPluginRegistrant`)
  - google_maps_flutter (from `/Users/raja/Downloads/exmaple_flutter/flutter_module/.ios/Flutter/.symlinks/google_maps_flutter/ios`)

SPEC REPOS:
  https://github.com/cocoapods/specs.git:
    - GoogleMaps

EXTERNAL SOURCES:
  Flutter:
    :path: "/Users/raja/Downloads/exmaple_flutter/flutter_module/.ios/Flutter/engine"
  FlutterPluginRegistrant:
    :path: "/Users/raja/Downloads/exmaple_flutter/flutter_module/.ios/Flutter/FlutterPluginRegistrant"
  google_maps_flutter:
    :path: "/Users/raja/Downloads/exmaple_flutter/flutter_module/.ios/Flutter/.symlinks/google_maps_flutter/ios"

SPEC CHECKSUMS:
  Flutter: 58dd7d1b27887414a370fcccb9e645c08ffd7a6a
  FlutterPluginRegistrant: 854b38d0b37a1ba4ba175de85621068506dbc406
  google_maps_flutter: ca1fdc33cfc05892bb059dc62f3692000f3795bd
  GoogleMaps: 5046d7edfe381c1a0b20fdaf293915a375c3122b

PODFILE CHECKSUM: 6f34ca17572751e722a4e56690153d21f6ba4c29

COCOAPODS: 1.7.1
