PODS:
  - Flutter (1.0.0)
  - FlutterPluginRegistrant (0.0.1):
    - Flutter
  - t132_performance_test_flutter (0.0.1):
    - Flutter

DEPENDENCIES:
  - Flutter (from `../t132_performance_test_flutter/.ios/Flutter/engine`)
  - FlutterPluginRegistrant (from `../t132_performance_test_flutter/.ios/Flutter/FlutterPluginRegistrant`)
  - t132_performance_test_flutter (from `../t132_performance_test_flutter/.ios/Flutter`)

EXTERNAL SOURCES:
  Flutter:
    :path: "../t132_performance_test_flutter/.ios/Flutter/engine"
  FlutterPluginRegistrant:
    :path: "../t132_performance_test_flutter/.ios/Flutter/FlutterPluginRegistrant"
  t132_performance_test_flutter:
    :path: "../t132_performance_test_flutter/.ios/Flutter"

SPEC CHECKSUMS:
  Flutter: 0e3d915762c693b495b44d77113d4970485de6ec
  FlutterPluginRegistrant: 8855ca2b426d228cb41aa6c26c0c83b8c49e3593
  t132_performance_test_flutter: ff8480ef0aabe368b6e9bf8327f5c68e3df01ffd

PODFILE CHECKSUM: e76f7e04f96cbaf3ff657ef22a72e308973c9549

COCOAPODS: 1.6.1
