// !$*UTF8*$!
{
	archiveVersion = 1;
	classes = {
	};
	objectVersion = 50;
	objects = {

/* Begin PBXBuildFile section */
		0A243FDB2281112C001B1AC0 /* AppDelegate.swift in Sources */ = {isa = PBXBuildFile; fileRef = 0A243FDA2281112C001B1AC0 /* AppDelegate.swift */; };
		0A243FDD2281112C001B1AC0 /* TopViewController.swift in Sources */ = {isa = PBXBuildFile; fileRef = 0A243FDC2281112C001B1AC0 /* TopViewController.swift */; };
		0A243FE02281112C001B1AC0 /* Main.storyboard in Resources */ = {isa = PBXBuildFile; fileRef = 0A243FDE2281112C001B1AC0 /* Main.storyboard */; };
		0A243FE22281112E001B1AC0 /* Assets.xcassets in Resources */ = {isa = PBXBuildFile; fileRef = 0A243FE12281112E001B1AC0 /* Assets.xcassets */; };
		0A243FE52281112E001B1AC0 /* LaunchScreen.storyboard in Resources */ = {isa = PBXBuildFile; fileRef = 0A243FE32281112E001B1AC0 /* LaunchScreen.storyboard */; };
		2078CD0C3C7AA16388F9858D /* Pods_t130_leaf_flutter.framework in Frameworks */ = {isa = PBXBuildFile; fileRef = 18187C3E1AFF08638CF7A720 /* Pods_t130_leaf_flutter.framework */; };
/* End PBXBuildFile section */

/* Begin PBXFileReference section */
		0A243FD72281112C001B1AC0 /* t130_leaf_flutter.app */ = {isa = PBXFileReference; explicitFileType = wrapper.application; includeInIndex = 0; path = t130_leaf_flutter.app; sourceTree = BUILT_PRODUCTS_DIR; };
		0A243FDA2281112C001B1AC0 /* AppDelegate.swift */ = {isa = PBXFileReference; lastKnownFileType = sourcecode.swift; path = AppDelegate.swift; sourceTree = "<group>"; };
		0A243FDC2281112C001B1AC0 /* TopViewController.swift */ = {isa = PBXFileReference; lastKnownFileType = sourcecode.swift; path = TopViewController.swift; sourceTree = "<group>"; };
		0A243FDF2281112C001B1AC0 /* Base */ = {isa = PBXFileReference; lastKnownFileType = file.storyboard; name = Base; path = Base.lproj/Main.storyboard; sourceTree = "<group>"; };
		0A243FE12281112E001B1AC0 /* Assets.xcassets */ = {isa = PBXFileReference; lastKnownFileType = folder.assetcatalog; path = Assets.xcassets; sourceTree = "<group>"; };
		0A243FE42281112E001B1AC0 /* Base */ = {isa = PBXFileReference; lastKnownFileType = file.storyboard; name = Base; path = Base.lproj/LaunchScreen.storyboard; sourceTree = "<group>"; };
		0A243FE62281112E001B1AC0 /* Info.plist */ = {isa = PBXFileReference; lastKnownFileType = text.plist.xml; path = Info.plist; sourceTree = "<group>"; };
		1326E779FA5E5A002FD4BFEB /* Pods-t130_leaf_flutter.debug.xcconfig */ = {isa = PBXFileReference; includeInIndex = 1; lastKnownFileType = text.xcconfig; name = "Pods-t130_leaf_flutter.debug.xcconfig"; path = "Target Support Files/Pods-t130_leaf_flutter/Pods-t130_leaf_flutter.debug.xcconfig"; sourceTree = "<group>"; };
		18187C3E1AFF08638CF7A720 /* Pods_t130_leaf_flutter.framework */ = {isa = PBXFileReference; explicitFileType = wrapper.framework; includeInIndex = 0; path = Pods_t130_leaf_flutter.framework; sourceTree = BUILT_PRODUCTS_DIR; };
		8D6D1E97A4BC17A10B209BF4 /* Pods-t130_leaf_flutter.release.xcconfig */ = {isa = PBXFileReference; includeInIndex = 1; lastKnownFileType = text.xcconfig; name = "Pods-t130_leaf_flutter.release.xcconfig"; path = "Target Support Files/Pods-t130_leaf_flutter/Pods-t130_leaf_flutter.release.xcconfig"; sourceTree = "<group>"; };
/* End PBXFileReference section */

/* Begin PBXFrameworksBuildPhase section */
		0A243FD42281112C001B1AC0 /* Frameworks */ = {
			isa = PBXFrameworksBuildPhase;
			buildActionMask = 2147483647;
			files = (
				2078CD0C3C7AA16388F9858D /* Pods_t130_leaf_flutter.framework in Frameworks */,
			);
			runOnlyForDeploymentPostprocessing = 0;
		};
/* End PBXFrameworksBuildPhase section */

/* Begin PBXGroup section */
		0A243FCE2281112C001B1AC0 = {
			isa = PBXGroup;
			children = (
				0A243FD92281112C001B1AC0 /* t130_leaf_flutter */,
				0A243FD82281112C001B1AC0 /* Products */,
				819C3AAC2B66A48AEC6FF065 /* Pods */,
				1F6674E3287720B11E3400F9 /* Frameworks */,
			);
			sourceTree = "<group>";
		};
		0A243FD82281112C001B1AC0 /* Products */ = {
			isa = PBXGroup;
			children = (
				0A243FD72281112C001B1AC0 /* t130_leaf_flutter.app */,
			);
			name = Products;
			sourceTree = "<group>";
		};
		0A243FD92281112C001B1AC0 /* t130_leaf_flutter */ = {
			isa = PBXGroup;
			children = (
				0A243FDA2281112C001B1AC0 /* AppDelegate.swift */,
				0A243FDC2281112C001B1AC0 /* TopViewController.swift */,
				0A243FDE2281112C001B1AC0 /* Main.storyboard */,
				0A243FE12281112E001B1AC0 /* Assets.xcassets */,
				0A243FE32281112E001B1AC0 /* LaunchScreen.storyboard */,
				0A243FE62281112E001B1AC0 /* Info.plist */,
			);
			path = t130_leaf_flutter;
			sourceTree = "<group>";
		};
		1F6674E3287720B11E3400F9 /* Frameworks */ = {
			isa = PBXGroup;
			children = (
				18187C3E1AFF08638CF7A720 /* Pods_t130_leaf_flutter.framework */,
			);
			name = Frameworks;
			sourceTree = "<group>";
		};
		819C3AAC2B66A48AEC6FF065 /* Pods */ = {
			isa = PBXGroup;
			children = (
				1326E779FA5E5A002FD4BFEB /* Pods-t130_leaf_flutter.debug.xcconfig */,
				8D6D1E97A4BC17A10B209BF4 /* Pods-t130_leaf_flutter.release.xcconfig */,
			);
			path = Pods;
			sourceTree = "<group>";
		};
/* End PBXGroup section */

/* Begin PBXNativeTarget section */
		0A243FD62281112C001B1AC0 /* t130_leaf_flutter */ = {
			isa = PBXNativeTarget;
			buildConfigurationList = 0A243FE92281112E001B1AC0 /* Build configuration list for PBXNativeTarget "t130_leaf_flutter" */;
			buildPhases = (
				0A243FEC22823D3E001B1AC0 /* Embed Flutter */,
				6EF2BB58B0BE3366570E6E77 /* [CP] Check Pods Manifest.lock */,
				0A243FD32281112C001B1AC0 /* Sources */,
				0A243FD42281112C001B1AC0 /* Frameworks */,
				0A243FD52281112C001B1AC0 /* Resources */,
				0FADF598E06675904B17A3E9 /* [CP] Embed Pods Frameworks */,
			);
			buildRules = (
			);
			dependencies = (
			);
			name = t130_leaf_flutter;
			productName = t130_leaf_flutter;
			productReference = 0A243FD72281112C001B1AC0 /* t130_leaf_flutter.app */;
			productType = "com.apple.product-type.application";
		};
/* End PBXNativeTarget section */

/* Begin PBXProject section */
		0A243FCF2281112C001B1AC0 /* Project object */ = {
			isa = PBXProject;
			attributes = {
				LastSwiftUpdateCheck = 1020;
				LastUpgradeCheck = 1020;
				ORGANIZATIONNAME = "Xiao Yu";
				TargetAttributes = {
					0A243FD62281112C001B1AC0 = {
						CreatedOnToolsVersion = 10.2.1;
					};
				};
			};
			buildConfigurationList = 0A243FD22281112C001B1AC0 /* Build configuration list for PBXProject "t130_leaf_flutter" */;
			compatibilityVersion = "Xcode 9.3";
			developmentRegion = en;
			hasScannedForEncodings = 0;
			knownRegions = (
				en,
				Base,
			);
			mainGroup = 0A243FCE2281112C001B1AC0;
			productRefGroup = 0A243FD82281112C001B1AC0 /* Products */;
			projectDirPath = "";
			projectRoot = "";
			targets = (
				0A243FD62281112C001B1AC0 /* t130_leaf_flutter */,
			);
		};
/* End PBXProject section */

/* Begin PBXResourcesBuildPhase section */
		0A243FD52281112C001B1AC0 /* Resources */ = {
			isa = PBXResourcesBuildPhase;
			buildActionMask = 2147483647;
			files = (
				0A243FE52281112E001B1AC0 /* LaunchScreen.storyboard in Resources */,
				0A243FE22281112E001B1AC0 /* Assets.xcassets in Resources */,
				0A243FE02281112C001B1AC0 /* Main.storyboard in Resources */,
			);
			runOnlyForDeploymentPostprocessing = 0;
		};
/* End PBXResourcesBuildPhase section */

/* Begin PBXShellScriptBuildPhase section */
		0A243FEC22823D3E001B1AC0 /* Embed Flutter */ = {
			isa = PBXShellScriptBuildPhase;
			buildActionMask = 2147483647;
			files = (
			);
			inputFileListPaths = (
			);
			inputPaths = (
			);
			name = "Embed Flutter";
			outputFileListPaths = (
			);
			outputPaths = (
			);
			runOnlyForDeploymentPostprocessing = 0;
			shellPath = /bin/sh;
			shellScript = "\"$FLUTTER_ROOT/packages/flutter_tools/bin/xcode_backend.sh\" build\n\"$FLUTTER_ROOT/packages/flutter_tools/bin/xcode_backend.sh\" embed\n";
		};
		0FADF598E06675904B17A3E9 /* [CP] Embed Pods Frameworks */ = {
			isa = PBXShellScriptBuildPhase;
			buildActionMask = 2147483647;
			files = (
			);
			inputFileListPaths = (
			);
			inputPaths = (
				"${PODS_ROOT}/Target Support Files/Pods-t130_leaf_flutter/Pods-t130_leaf_flutter-frameworks.sh",
				"${PODS_ROOT}/../../t130_leaf_flutter/.ios/Flutter/engine/Flutter.framework",
				"${BUILT_PRODUCTS_DIR}/FlutterPluginRegistrant/FlutterPluginRegistrant.framework",
			);
			name = "[CP] Embed Pods Frameworks";
			outputFileListPaths = (
			);
			outputPaths = (
				"${TARGET_BUILD_DIR}/${FRAMEWORKS_FOLDER_PATH}/Flutter.framework",
				"${TARGET_BUILD_DIR}/${FRAMEWORKS_FOLDER_PATH}/FlutterPluginRegistrant.framework",
			);
			runOnlyForDeploymentPostprocessing = 0;
			shellPath = /bin/sh;
			shellScript = "\"${PODS_ROOT}/Target Support Files/Pods-t130_leaf_flutter/Pods-t130_leaf_flutter-frameworks.sh\"\n";
			showEnvVarsInLog = 0;
		};
		6EF2BB58B0BE3366570E6E77 /* [CP] Check Pods Manifest.lock */ = {
			isa = PBXShellScriptBuildPhase;
			buildActionMask = 2147483647;
			files = (
			);
			inputFileListPaths = (
			);
			inputPaths = (
				"${PODS_PODFILE_DIR_PATH}/Podfile.lock",
				"${PODS_ROOT}/Manifest.lock",
			);
			name = "[CP] Check Pods Manifest.lock";
			outputFileListPaths = (
			);
			outputPaths = (
				"$(DERIVED_FILE_DIR)/Pods-t130_leaf_flutter-checkManifestLockResult.txt",
			);
			runOnlyForDeploymentPostprocessing = 0;
			shellPath = /bin/sh;
			shellScript = "diff \"${PODS_PODFILE_DIR_PATH}/Podfile.lock\" \"${PODS_ROOT}/Manifest.lock\" > /dev/null\nif [ $? != 0 ] ; then\n    # print error to STDERR\n    echo \"error: The sandbox is not in sync with the Podfile.lock. Run 'pod install' or update your CocoaPods installation.\" >&2\n    exit 1\nfi\n# This output is used by Xcode 'outputs' to avoid re-running this script phase.\necho \"SUCCESS\" > \"${SCRIPT_OUTPUT_FILE_0}\"\n";
			showEnvVarsInLog = 0;
		};
/* End PBXShellScriptBuildPhase section */

/* Begin PBXSourcesBuildPhase section */
		0A243FD32281112C001B1AC0 /* Sources */ = {
			isa = PBXSourcesBuildPhase;
			buildActionMask = 2147483647;
			files = (
				0A243FDD2281112C001B1AC0 /* TopViewController.swift in Sources */,
				0A243FDB2281112C001B1AC0 /* AppDelegate.swift in Sources */,
			);
			runOnlyForDeploymentPostprocessing = 0;
		};
/* End PBXSourcesBuildPhase section */

/* Begin PBXVariantGroup section */
		0A243FDE2281112C001B1AC0 /* Main.storyboard */ = {
			isa = PBXVariantGroup;
			children = (
				0A243FDF2281112C001B1AC0 /* Base */,
			);
			name = Main.storyboard;
			sourceTree = "<group>";
		};
		0A243FE32281112E001B1AC0 /* LaunchScreen.storyboard */ = {
			isa = PBXVariantGroup;
			children = (
				0A243FE42281112E001B1AC0 /* Base */,
			);
			name = LaunchScreen.storyboard;
			sourceTree = "<group>";
		};
/* End PBXVariantGroup section */

/* Begin XCBuildConfiguration section */
		0A243FE72281112E001B1AC0 /* Debug */ = {
			isa = XCBuildConfiguration;
			buildSettings = {
				ALWAYS_SEARCH_USER_PATHS = NO;
				CLANG_ANALYZER_NONNULL = YES;
				CLANG_ANALYZER_NUMBER_OBJECT_CONVERSION = YES_AGGRESSIVE;
				CLANG_CXX_LANGUAGE_STANDARD = "gnu++14";
				CLANG_CXX_LIBRARY = "libc++";
				CLANG_ENABLE_MODULES = YES;
				CLANG_ENABLE_OBJC_ARC = YES;
				CLANG_ENABLE_OBJC_WEAK = YES;
				CLANG_WARN_BLOCK_CAPTURE_AUTORELEASING = YES;
				CLANG_WARN_BOOL_CONVERSION = YES;
				CLANG_WARN_COMMA = YES;
				CLANG_WARN_CONSTANT_CONVERSION = YES;
				CLANG_WARN_DEPRECATED_OBJC_IMPLEMENTATIONS = YES;
				CLANG_WARN_DIRECT_OBJC_ISA_USAGE = YES_ERROR;
				CLANG_WARN_DOCUMENTATION_COMMENTS = YES;
				CLANG_WARN_EMPTY_BODY = YES;
				CLANG_WARN_ENUM_CONVERSION = YES;
				CLANG_WARN_INFINITE_RECURSION = YES;
				CLANG_WARN_INT_CONVERSION = YES;
				CLANG_WARN_NON_LITERAL_NULL_CONVERSION = YES;
				CLANG_WARN_OBJC_IMPLICIT_RETAIN_SELF = YES;
				CLANG_WARN_OBJC_LITERAL_CONVERSION = YES;
				CLANG_WARN_OBJC_ROOT_CLASS = YES_ERROR;
				CLANG_WARN_RANGE_LOOP_ANALYSIS = YES;
				CLANG_WARN_STRICT_PROTOTYPES = YES;
				CLANG_WARN_SUSPICIOUS_MOVE = YES;
				CLANG_WARN_UNGUARDED_AVAILABILITY = YES_AGGRESSIVE;
				CLANG_WARN_UNREACHABLE_CODE = YES;
				CLANG_WARN__DUPLICATE_METHOD_MATCH = YES;
				CODE_SIGN_IDENTITY = "iPhone Developer";
				COPY_PHASE_STRIP = NO;
				DEBUG_INFORMATION_FORMAT = dwarf;
				ENABLE_STRICT_OBJC_MSGSEND = YES;
				ENABLE_TESTABILITY = YES;
				GCC_C_LANGUAGE_STANDARD = gnu11;
				GCC_DYNAMIC_NO_PIC = NO;
				GCC_NO_COMMON_BLOCKS = YES;
				GCC_OPTIMIZATION_LEVEL = 0;
				GCC_PREPROCESSOR_DEFINITIONS = (
					"DEBUG=1",
					"$(inherited)",
				);
				GCC_WARN_64_TO_32_BIT_CONVERSION = YES;
				GCC_WARN_ABOUT_RETURN_TYPE = YES_ERROR;
				GCC_WARN_UNDECLARED_SELECTOR = YES;
				GCC_WARN_UNINITIALIZED_AUTOS = YES_AGGRESSIVE;
				GCC_WARN_UNUSED_FUNCTION = YES;
				GCC_WARN_UNUSED_VARIABLE = YES;
				IPHONEOS_DEPLOYMENT_TARGET = 12.2;
				MTL_ENABLE_DEBUG_INFO = INCLUDE_SOURCE;
				MTL_FAST_MATH = YES;
				ONLY_ACTIVE_ARCH = YES;
				SDKROOT = iphoneos;
				SWIFT_ACTIVE_COMPILATION_CONDITIONS = DEBUG;
				SWIFT_OPTIMIZATION_LEVEL = "-Onone";
			};
			name = Debug;
		};
		0A243FE82281112E001B1AC0 /* Release */ = {
			isa = XCBuildConfiguration;
			buildSettings = {
				ALWAYS_SEARCH_USER_PATHS = NO;
				CLANG_ANALYZER_NONNULL = YES;
				CLANG_ANALYZER_NUMBER_OBJECT_CONVERSION = YES_AGGRESSIVE;
				CLANG_CXX_LANGUAGE_STANDARD = "gnu++14";
				CLANG_CXX_LIBRARY = "libc++";
				CLANG_ENABLE_MODULES = YES;
				CLANG_ENABLE_OBJC_ARC = YES;
				CLANG_ENABLE_OBJC_WEAK = YES;
				CLANG_WARN_BLOCK_CAPTURE_AUTORELEASING = YES;
				CLANG_WARN_BOOL_CONVERSION = YES;
				CLANG_WARN_COMMA = YES;
				CLANG_WARN_CONSTANT_CONVERSION = YES;
				CLANG_WARN_DEPRECATED_OBJC_IMPLEMENTATIONS = YES;
				CLANG_WARN_DIRECT_OBJC_ISA_USAGE = YES_ERROR;
				CLANG_WARN_DOCUMENTATION_COMMENTS = YES;
				CLANG_WARN_EMPTY_BODY = YES;
				CLANG_WARN_ENUM_CONVERSION = YES;
				CLANG_WARN_INFINITE_RECURSION = YES;
				CLANG_WARN_INT_CONVERSION = YES;
				CLANG_WARN_NON_LITERAL_NULL_CONVERSION = YES;
				CLANG_WARN_OBJC_IMPLICIT_RETAIN_SELF = YES;
				CLANG_WARN_OBJC_LITERAL_CONVERSION = YES;
				CLANG_WARN_OBJC_ROOT_CLASS = YES_ERROR;
				CLANG_WARN_RANGE_LOOP_ANALYSIS = YES;
				CLANG_WARN_STRICT_PROTOTYPES = YES;
				CLANG_WARN_SUSPICIOUS_MOVE = YES;
				CLANG_WARN_UNGUARDED_AVAILABILITY = YES_AGGRESSIVE;
				CLANG_WARN_UNREACHABLE_CODE = YES;
				CLANG_WARN__DUPLICATE_METHOD_MATCH = YES;
				CODE_SIGN_IDENTITY = "iPhone Developer";
				COPY_PHASE_STRIP = NO;
				DEBUG_INFORMATION_FORMAT = "dwarf-with-dsym";
				ENABLE_NS_ASSERTIONS = NO;
				ENABLE_STRICT_OBJC_MSGSEND = YES;
				GCC_C_LANGUAGE_STANDARD = gnu11;
				GCC_NO_COMMON_BLOCKS = YES;
				GCC_WARN_64_TO_32_BIT_CONVERSION = YES;
				GCC_WARN_ABOUT_RETURN_TYPE = YES_ERROR;
				GCC_WARN_UNDECLARED_SELECTOR = YES;
				GCC_WARN_UNINITIALIZED_AUTOS = YES_AGGRESSIVE;
				GCC_WARN_UNUSED_FUNCTION = YES;
				GCC_WARN_UNUSED_VARIABLE = YES;
				IPHONEOS_DEPLOYMENT_TARGET = 12.2;
				MTL_ENABLE_DEBUG_INFO = NO;
				MTL_FAST_MATH = YES;
				SDKROOT = iphoneos;
				SWIFT_COMPILATION_MODE = wholemodule;
				SWIFT_OPTIMIZATION_LEVEL = "-O";
				VALIDATE_PRODUCT = YES;
			};
			name = Release;
		};
		0A243FEA2281112E001B1AC0 /* Debug */ = {
			isa = XCBuildConfiguration;
			baseConfigurationReference = 1326E779FA5E5A002FD4BFEB /* Pods-t130_leaf_flutter.debug.xcconfig */;
			buildSettings = {
				ASSETCATALOG_COMPILER_APPICON_NAME = AppIcon;
				CODE_SIGN_STYLE = Automatic;
				DEVELOPMENT_TEAM = S8QB4VV633;
				ENABLE_BITCODE = NO;
				INFOPLIST_FILE = t130_leaf_flutter/Info.plist;
				LD_RUNPATH_SEARCH_PATHS = (
					"$(inherited)",
					"@executable_path/Frameworks",
				);
				PRODUCT_BUNDLE_IDENTIFIER = "net.xster.t130-leaf-flutter-ios";
				PRODUCT_NAME = "$(TARGET_NAME)";
				SWIFT_VERSION = 5.0;
				TARGETED_DEVICE_FAMILY = "1,2";
			};
			name = Debug;
		};
		0A243FEB2281112E001B1AC0 /* Release */ = {
			isa = XCBuildConfiguration;
			baseConfigurationReference = 8D6D1E97A4BC17A10B209BF4 /* Pods-t130_leaf_flutter.release.xcconfig */;
			buildSettings = {
				ASSETCATALOG_COMPILER_APPICON_NAME = AppIcon;
				CODE_SIGN_STYLE = Automatic;
				DEVELOPMENT_TEAM = S8QB4VV633;
				ENABLE_BITCODE = NO;
				INFOPLIST_FILE = t130_leaf_flutter/Info.plist;
				LD_RUNPATH_SEARCH_PATHS = (
					"$(inherited)",
					"@executable_path/Frameworks",
				);
				PRODUCT_BUNDLE_IDENTIFIER = "net.xster.t130-leaf-flutter-ios";
				PRODUCT_NAME = "$(TARGET_NAME)";
				SWIFT_VERSION = 5.0;
				TARGETED_DEVICE_FAMILY = "1,2";
			};
			name = Release;
		};
/* End XCBuildConfiguration section */

/* Begin XCConfigurationList section */
		0A243FD22281112C001B1AC0 /* Build configuration list for PBXProject "t130_leaf_flutter" */ = {
			isa = XCConfigurationList;
			buildConfigurations = (
				0A243FE72281112E001B1AC0 /* Debug */,
				0A243FE82281112E001B1AC0 /* Release */,
			);
			defaultConfigurationIsVisible = 0;
			defaultConfigurationName = Release;
		};
		0A243FE92281112E001B1AC0 /* Build configuration list for PBXNativeTarget "t130_leaf_flutter" */ = {
			isa = XCConfigurationList;
			buildConfigurations = (
				0A243FEA2281112E001B1AC0 /* Debug */,
				0A243FEB2281112E001B1AC0 /* Release */,
			);
			defaultConfigurationIsVisible = 0;
			defaultConfigurationName = Release;
		};
/* End XCConfigurationList section */
	};
	rootObject = 0A243FCF2281112C001B1AC0 /* Project object */;
}
