PODS:
  - Flutter (1.0.0)
  - flutter_iap (0.0.1):
    - Flutter

DEPENDENCIES:
  - Flutter (from `Pods/.symlinks/flutter/ios`)
  - flutter_iap (from `Pods/.symlinks/plugins/flutter_iap-1.0.1/ios`)

EXTERNAL SOURCES:
  Flutter:
    :path: Pods/.symlinks/flutter/ios
  flutter_iap:
    :path: Pods/.symlinks/plugins/flutter_iap-1.0.1/ios

SPEC CHECKSUMS:
  Flutter: 9d0fac939486c9aba2809b7982dfdbb47a7b0296
  flutter_iap: c134cf9ab8e60291931d13431cdae36f5e0724ae

PODFILE CHECKSUM: 336a1039ef5af675547260e8447107b9d662fe58

COCOAPODS: 1.4.0
