PODS:
  - Flutter (1.0.0)
  - FlutterPluginRegistrant (0.0.1):
    - Flutter
  - t147_add_to_app_ios_demo_flutter (0.0.1):
    - Flutter

DEPENDENCIES:
  - Flutter (from `../t147_add_to_app_ios_demo_flutter/.ios/Flutter/engine`)
  - FlutterPluginRegistrant (from `../t147_add_to_app_ios_demo_flutter/.ios/Flutter/FlutterPluginRegistrant`)
  - t147_add_to_app_ios_demo_flutter (from `../t147_add_to_app_ios_demo_flutter/.ios/Flutter`)

EXTERNAL SOURCES:
  Flutter:
    :path: "../t147_add_to_app_ios_demo_flutter/.ios/Flutter/engine"
  FlutterPluginRegistrant:
    :path: "../t147_add_to_app_ios_demo_flutter/.ios/Flutter/FlutterPluginRegistrant"
  t147_add_to_app_ios_demo_flutter:
    :path: "../t147_add_to_app_ios_demo_flutter/.ios/Flutter"

SPEC CHECKSUMS:
  Flutter: 0e3d915762c693b495b44d77113d4970485de6ec
  FlutterPluginRegistrant: d59dd07dd90e9c6430996073575a5bd1ea19677e
  t147_add_to_app_ios_demo_flutter: d29d6b0021732e94fd0a000e221065bb7ea1e143

PODFILE CHECKSUM: a6f5eb14118da14e1f39c793358986289b72d32b

COCOAPODS: 1.8.4
