PODS:
  - Flutter (1.0.0)
  - FlutterPluginRegistrant (0.0.1):
    - Flutter
  - t147_add_to_app_ios_demo_flutter (0.0.1):
    - Flutter

DEPENDENCIES:
  - Flutter (from `../t147_add_to_app_ios_demo_flutter/.ios/Flutter/engine`)
  - FlutterPluginRegistrant (from `../t147_add_to_app_ios_demo_flutter/.ios/Flutter/FlutterPluginRegistrant`)
  - t147_add_to_app_ios_demo_flutter (from `../t147_add_to_app_ios_demo_flutter/.ios/Flutter`)

EXTERNAL SOURCES:
  Flutter:
    :path: "../t147_add_to_app_ios_demo_flutter/.ios/Flutter/engine"
  FlutterPluginRegistrant:
    :path: "../t147_add_to_app_ios_demo_flutter/.ios/Flutter/FlutterPluginRegistrant"
  t147_add_to_app_ios_demo_flutter:
    :path: "../t147_add_to_app_ios_demo_flutter/.ios/Flutter"

SPEC CHECKSUMS:
  Flutter: 0e3d915762c693b495b44d77113d4970485de6ec
  FlutterPluginRegistrant: 2afd5ea46d3a949472c9b7da6462d8fbf7d8b16e
  t147_add_to_app_ios_demo_flutter: 232c7cc0e2d3507e9102fa04ad980912a45a7dda

PODFILE CHECKSUM: a6f5eb14118da14e1f39c793358986289b72d32b

COCOAPODS: 1.9.3
