PODS:
  - apple_sign_in (0.0.1):
    - Flutter
  - Flutter (1.0.0)

DEPENDENCIES:
  - apple_sign_in (from `.symlinks/plugins/apple_sign_in/ios`)
  - Flutter (from `Flutter`)

EXTERNAL SOURCES:
  apple_sign_in:
    :path: ".symlinks/plugins/apple_sign_in/ios"
  Flutter:
    :path: Flutter

SPEC CHECKSUMS:
  apple_sign_in: 7716c7ddfa195aeab7dec0dc374ef4ff45d1adb4
  Flutter: 0e3d915762c693b495b44d77113d4970485de6ec

PODFILE CHECKSUM: c34e2287a9ccaa606aeceab922830efb9a6ff69a

COCOAPODS: 1.9.1
